// !$*UTF8*$!
{
	archiveVersion = 1;
	classes = {
	};
	objectVersion = 77;
	objects = {

/* Begin PBXBuildFile section */
		079A067B9F3C2CF0CE17B310 /* StoryModels.swift in Sources */ = {isa = PBXBuildFile; fileRef = 15CF77117635F0D69B78BE8C /* StoryModels.swift */; };
		12816EF8CCF3450B4AD7E4E3 /* GymCircleTheme.swift in Sources */ = {isa = PBXBuildFile; fileRef = F5245FB76CF59A2ACFEF8ED9 /* GymCircleTheme.swift */; };
		1D0ACC90B99D7CE8C2BAB45F /* Supabase in Frameworks */ = {isa = PBXBuildFile; productRef = 3FDD0FCBF0D87E571FAB28F3 /* Supabase */; };
		1EEF102EFB0EA7E7396B94BB /* AuthService.swift in Sources */ = {isa = PBXBuildFile; fileRef = E7456124A93C3498F4AA6BB2 /* AuthService.swift */; };
		24F7215A55C676294FD8637E /* ProfileView.swift in Sources */ = {isa = PBXBuildFile; fileRef = ABF5E523C8CFCF7DD84DCF0D /* ProfileView.swift */; };
		33ABBA1FF742B75BDDEFEDBA /* GymCircleAPI.swift in Sources */ = {isa = PBXBuildFile; fileRef = C240BBB660BE1713B04F28B2 /* GymCircleAPI.swift */; };
		3FCE9C9BA90B675F9938CB7E /* GymCircleAppModel.swift in Sources */ = {isa = PBXBuildFile; fileRef = 96D3B83C89A2600A381D71E5 /* GymCircleAppModel.swift */; };
		425F19777DF07AA72E43F4F2 /* AchievementsService.swift in Sources */ = {isa = PBXBuildFile; fileRef = 9DF4632A9A6FABB1EB319100 /* AchievementsService.swift */; };
		49CF2F5BBC9A4BF7606C9F0B /* AppConfiguration.swift in Sources */ = {isa = PBXBuildFile; fileRef = D55AE3C88470738904E400FD /* AppConfiguration.swift */; };
		4D8EDEF5E8C9A52F9BFB336C /* MyCircleService.swift in Sources */ = {isa = PBXBuildFile; fileRef = 381506FB324FA418FAD1FEBF /* MyCircleService.swift */; };
		52AA646E4FB0BC506A4A61E0 /* BaseComponents.swift in Sources */ = {isa = PBXBuildFile; fileRef = 069AF1E053D24164413598B0 /* BaseComponents.swift */; };
		5BF6EE53CD40FF5743BBE711 /* FeedPost.swift in Sources */ = {isa = PBXBuildFile; fileRef = A52D40B4007DAC206C665780 /* FeedPost.swift */; };
		5D17C0ED8AB94ECA8C0D31EE /* BadgeIconNativeView.swift in Sources */ = {isa = PBXBuildFile; fileRef = 641E4CD0FC4408E2F05E4ABA /* BadgeIconNativeView.swift */; };
		5EEBF3147E247A6E731BA17D /* AchievementDetailView.swift in Sources */ = {isa = PBXBuildFile; fileRef = CF0814DE9BF78861CEC8B644 /* AchievementDetailView.swift */; };
		6E4E8259331D8C795CB94EEE /* StoriesViews.swift in Sources */ = {isa = PBXBuildFile; fileRef = F20940CB53959FF53CFF9C75 /* StoriesViews.swift */; };
		70EB9C329DE1DA414347C6A3 /* UserProfile.swift in Sources */ = {isa = PBXBuildFile; fileRef = 4BCB298BFFBA6E51F67FEC05 /* UserProfile.swift */; };
		71427FF59C8B4933ED803A26 /* AchievementModels.swift in Sources */ = {isa = PBXBuildFile; fileRef = 938F0854F909B3772AE14447 /* AchievementModels.swift */; };
		775A8119334EC3B55DAAE141 /* MyCircleView.swift in Sources */ = {isa = PBXBuildFile; fileRef = 71697375FF0895F613E1090F /* MyCircleView.swift */; };
		7D520BADA3B077BFB0F7B45D /* LoginView.swift in Sources */ = {isa = PBXBuildFile; fileRef = 0F5A004267A6D5354857ABFD /* LoginView.swift */; };
		81E9DE2C223D9A8EC5FD77F7 /* MonthlyChallengeModels.swift in Sources */ = {isa = PBXBuildFile; fileRef = F5ECCA62B019250D86558728 /* MonthlyChallengeModels.swift */; };
		9CA8C13BAC321E232D5BCD2E /* GymCircleNativeApp.swift in Sources */ = {isa = PBXBuildFile; fileRef = 0AD1AB193A5FDA3AB7B141AE /* GymCircleNativeApp.swift */; };
		9CABDB82A84408A020396A0C /* MyCircleComponents.swift in Sources */ = {isa = PBXBuildFile; fileRef = 783D161B1E627FB137F94874 /* MyCircleComponents.swift */; };
		A0224FE2BC0713E9345EAD9E /* ActivityRingsView.swift in Sources */ = {isa = PBXBuildFile; fileRef = 1C9E2CE99166EA4C0415991E /* ActivityRingsView.swift */; };
		A64CCBB3086148E777260BA8 /* AchievementBuilder.swift in Sources */ = {isa = PBXBuildFile; fileRef = 0A25EE1B0649D40C491D4501 /* AchievementBuilder.swift */; };
		AE1B1B22F6780C00D764B281 /* ChallengesService.swift in Sources */ = {isa = PBXBuildFile; fileRef = 61EE6BFEDE8DA2508CA86199 /* ChallengesService.swift */; };
		BF88657AA028074A62DCB027 /* AchievementsView.swift in Sources */ = {isa = PBXBuildFile; fileRef = 7E02612239E7BC217D0CE54E /* AchievementsView.swift */; };
		C2A796BB917C495444F60BAA /* SupabaseClientProvider.swift in Sources */ = {isa = PBXBuildFile; fileRef = 633A3638BEC16BBA4085C06C /* SupabaseClientProvider.swift */; };
		CBD1FA663BF54E491C32919B /* SessionStore.swift in Sources */ = {isa = PBXBuildFile; fileRef = 7DEB41CAC0D16AE1FBF7E56F /* SessionStore.swift */; };
		CDE941BFB1F36FEB531A562B /* GymCircleNativeRootView.swift in Sources */ = {isa = PBXBuildFile; fileRef = 303BAED416877DD688F8FFDC /* GymCircleNativeRootView.swift */; };
		CFD486D0F4178F5BD511D834 /* FeedView.swift in Sources */ = {isa = PBXBuildFile; fileRef = 489ABF91A6CB491B111116DC /* FeedView.swift */; };
		CFF768DD8B8797B61BC57740 /* AchievementCelebrationView.swift in Sources */ = {isa = PBXBuildFile; fileRef = 5260B01DA0DD0A6A5D803FE8 /* AchievementCelebrationView.swift */; };
		DD8C439B12D3509DE2038783 /* MyCircleModels.swift in Sources */ = {isa = PBXBuildFile; fileRef = 636F3999A2F250111C153818 /* MyCircleModels.swift */; };
		FB1C810F996E874492D37712 /* MainTabView.swift in Sources */ = {isa = PBXBuildFile; fileRef = 29F08F3783EAD0DC084E6E2F /* MainTabView.swift */; };
/* End PBXBuildFile section */

/* Begin PBXFileReference section */
		03CDD21B0D4FDE6BBE28118E /* GymCircleNative.app */ = {isa = PBXFileReference; includeInIndex = 0; lastKnownFileType = wrapper.application; path = GymCircleNative.app; sourceTree = BUILT_PRODUCTS_DIR; };
		069AF1E053D24164413598B0 /* BaseComponents.swift */ = {isa = PBXFileReference; lastKnownFileType = sourcecode.swift; path = BaseComponents.swift; sourceTree = "<group>"; };
		0A25EE1B0649D40C491D4501 /* AchievementBuilder.swift */ = {isa = PBXFileReference; lastKnownFileType = sourcecode.swift; path = AchievementBuilder.swift; sourceTree = "<group>"; };
		0AD1AB193A5FDA3AB7B141AE /* GymCircleNativeApp.swift */ = {isa = PBXFileReference; lastKnownFileType = sourcecode.swift; path = GymCircleNativeApp.swift; sourceTree = "<group>"; };
		0F5A004267A6D5354857ABFD /* LoginView.swift */ = {isa = PBXFileReference; lastKnownFileType = sourcecode.swift; path = LoginView.swift; sourceTree = "<group>"; };
		15CF77117635F0D69B78BE8C /* StoryModels.swift */ = {isa = PBXFileReference; lastKnownFileType = sourcecode.swift; path = StoryModels.swift; sourceTree = "<group>"; };
		1C9E2CE99166EA4C0415991E /* ActivityRingsView.swift */ = {isa = PBXFileReference; lastKnownFileType = sourcecode.swift; path = ActivityRingsView.swift; sourceTree = "<group>"; };
		29F08F3783EAD0DC084E6E2F /* MainTabView.swift */ = {isa = PBXFileReference; lastKnownFileType = sourcecode.swift; path = MainTabView.swift; sourceTree = "<group>"; };
		303BAED416877DD688F8FFDC /* GymCircleNativeRootView.swift */ = {isa = PBXFileReference; lastKnownFileType = sourcecode.swift; path = GymCircleNativeRootView.swift; sourceTree = "<group>"; };
		381506FB324FA418FAD1FEBF /* MyCircleService.swift */ = {isa = PBXFileReference; lastKnownFileType = sourcecode.swift; path = MyCircleService.swift; sourceTree = "<group>"; };
		489ABF91A6CB491B111116DC /* FeedView.swift */ = {isa = PBXFileReference; lastKnownFileType = sourcecode.swift; path = FeedView.swift; sourceTree = "<group>"; };
		4BCB298BFFBA6E51F67FEC05 /* UserProfile.swift */ = {isa = PBXFileReference; lastKnownFileType = sourcecode.swift; path = UserProfile.swift; sourceTree = "<group>"; };
		5260B01DA0DD0A6A5D803FE8 /* AchievementCelebrationView.swift */ = {isa = PBXFileReference; lastKnownFileType = sourcecode.swift; path = AchievementCelebrationView.swift; sourceTree = "<group>"; };
		61EE6BFEDE8DA2508CA86199 /* ChallengesService.swift */ = {isa = PBXFileReference; lastKnownFileType = sourcecode.swift; path = ChallengesService.swift; sourceTree = "<group>"; };
		633A3638BEC16BBA4085C06C /* SupabaseClientProvider.swift */ = {isa = PBXFileReference; lastKnownFileType = sourcecode.swift; path = SupabaseClientProvider.swift; sourceTree = "<group>"; };
		636F3999A2F250111C153818 /* MyCircleModels.swift */ = {isa = PBXFileReference; lastKnownFileType = sourcecode.swift; path = MyCircleModels.swift; sourceTree = "<group>"; };
		641E4CD0FC4408E2F05E4ABA /* BadgeIconNativeView.swift */ = {isa = PBXFileReference; lastKnownFileType = sourcecode.swift; path = BadgeIconNativeView.swift; sourceTree = "<group>"; };
		71697375FF0895F613E1090F /* MyCircleView.swift */ = {isa = PBXFileReference; lastKnownFileType = sourcecode.swift; path = MyCircleView.swift; sourceTree = "<group>"; };
		783D161B1E627FB137F94874 /* MyCircleComponents.swift */ = {isa = PBXFileReference; lastKnownFileType = sourcecode.swift; path = MyCircleComponents.swift; sourceTree = "<group>"; };
		7DEB41CAC0D16AE1FBF7E56F /* SessionStore.swift */ = {isa = PBXFileReference; lastKnownFileType = sourcecode.swift; path = SessionStore.swift; sourceTree = "<group>"; };
		7E02612239E7BC217D0CE54E /* AchievementsView.swift */ = {isa = PBXFileReference; lastKnownFileType = sourcecode.swift; path = AchievementsView.swift; sourceTree = "<group>"; };
		938F0854F909B3772AE14447 /* AchievementModels.swift */ = {isa = PBXFileReference; lastKnownFileType = sourcecode.swift; path = AchievementModels.swift; sourceTree = "<group>"; };
		96D3B83C89A2600A381D71E5 /* GymCircleAppModel.swift */ = {isa = PBXFileReference; lastKnownFileType = sourcecode.swift; path = GymCircleAppModel.swift; sourceTree = "<group>"; };
		9DF4632A9A6FABB1EB319100 /* AchievementsService.swift */ = {isa = PBXFileReference; lastKnownFileType = sourcecode.swift; path = AchievementsService.swift; sourceTree = "<group>"; };
		A52D40B4007DAC206C665780 /* FeedPost.swift */ = {isa = PBXFileReference; lastKnownFileType = sourcecode.swift; path = FeedPost.swift; sourceTree = "<group>"; };
		ABF5E523C8CFCF7DD84DCF0D /* ProfileView.swift */ = {isa = PBXFileReference; lastKnownFileType = sourcecode.swift; path = ProfileView.swift; sourceTree = "<group>"; };
		C240BBB660BE1713B04F28B2 /* GymCircleAPI.swift */ = {isa = PBXFileReference; lastKnownFileType = sourcecode.swift; path = GymCircleAPI.swift; sourceTree = "<group>"; };
		CF0814DE9BF78861CEC8B644 /* AchievementDetailView.swift */ = {isa = PBXFileReference; lastKnownFileType = sourcecode.swift; path = AchievementDetailView.swift; sourceTree = "<group>"; };
		D55AE3C88470738904E400FD /* AppConfiguration.swift */ = {isa = PBXFileReference; lastKnownFileType = sourcecode.swift; path = AppConfiguration.swift; sourceTree = "<group>"; };
		E7456124A93C3498F4AA6BB2 /* AuthService.swift */ = {isa = PBXFileReference; lastKnownFileType = sourcecode.swift; path = AuthService.swift; sourceTree = "<group>"; };
		F20940CB53959FF53CFF9C75 /* StoriesViews.swift */ = {isa = PBXFileReference; lastKnownFileType = sourcecode.swift; path = StoriesViews.swift; sourceTree = "<group>"; };
		F5245FB76CF59A2ACFEF8ED9 /* GymCircleTheme.swift */ = {isa = PBXFileReference; lastKnownFileType = sourcecode.swift; path = GymCircleTheme.swift; sourceTree = "<group>"; };
		F5ECCA62B019250D86558728 /* MonthlyChallengeModels.swift */ = {isa = PBXFileReference; lastKnownFileType = sourcecode.swift; path = MonthlyChallengeModels.swift; sourceTree = "<group>"; };
/* End PBXFileReference section */

/* Begin PBXFrameworksBuildPhase section */
		76E2CBC96EB1345850F8A6D4 /* Frameworks */ = {
			isa = PBXFrameworksBuildPhase;
			buildActionMask = 2147483647;
			files = (
				1D0ACC90B99D7CE8C2BAB45F /* Supabase in Frameworks */,
			);
			runOnlyForDeploymentPostprocessing = 0;
		};
/* End PBXFrameworksBuildPhase section */

/* Begin PBXGroup section */
		2CE83B2EAC00497021A2C889 /* Products */ = {
			isa = PBXGroup;
			children = (
				03CDD21B0D4FDE6BBE28118E /* GymCircleNative.app */,
			);
			name = Products;
			sourceTree = "<group>";
		};
		409679229096A156777F5DD5 /* Components */ = {
			isa = PBXGroup;
			children = (
				1C9E2CE99166EA4C0415991E /* ActivityRingsView.swift */,
				641E4CD0FC4408E2F05E4ABA /* BadgeIconNativeView.swift */,
				069AF1E053D24164413598B0 /* BaseComponents.swift */,
				783D161B1E627FB137F94874 /* MyCircleComponents.swift */,
			);
			path = Components;
			sourceTree = "<group>";
		};
		448935D69A522AA5B6602094 /* GymCircleNativeFoundation */ = {
			isa = PBXGroup;
			children = (
				C4C32D3277980F03714FEF64 /* App */,
				409679229096A156777F5DD5 /* Components */,
				F5BBB65411F04B0C88429CA2 /* Config */,
				87CDD7F65D4E0C21D12751E0 /* Models */,
				4DCFA5A7B2B6C8B81204EE1B /* Screens */,
				A66E4EF33F6358D08C81BF52 /* Services */,
				9B3EF177DA798A630D0521B8 /* Theme */,
			);
			path = GymCircleNativeFoundation;
			sourceTree = "<group>";
		};
		4DCFA5A7B2B6C8B81204EE1B /* Screens */ = {
			isa = PBXGroup;
			children = (
				5260B01DA0DD0A6A5D803FE8 /* AchievementCelebrationView.swift */,
				CF0814DE9BF78861CEC8B644 /* AchievementDetailView.swift */,
				7E02612239E7BC217D0CE54E /* AchievementsView.swift */,
				489ABF91A6CB491B111116DC /* FeedView.swift */,
				0F5A004267A6D5354857ABFD /* LoginView.swift */,
				29F08F3783EAD0DC084E6E2F /* MainTabView.swift */,
				71697375FF0895F613E1090F /* MyCircleView.swift */,
				ABF5E523C8CFCF7DD84DCF0D /* ProfileView.swift */,
				F20940CB53959FF53CFF9C75 /* StoriesViews.swift */,
			);
			path = Screens;
			sourceTree = "<group>";
		};
		87532101CD0BC195B0B2FED4 /* Sources */ = {
			isa = PBXGroup;
			children = (
				E1E88EA1D5D305816E2F453E /* GymCircleNativeApp */,
				448935D69A522AA5B6602094 /* GymCircleNativeFoundation */,
			);
			path = Sources;
			sourceTree = "<group>";
		};
		87CDD7F65D4E0C21D12751E0 /* Models */ = {
			isa = PBXGroup;
			children = (
				0A25EE1B0649D40C491D4501 /* AchievementBuilder.swift */,
				938F0854F909B3772AE14447 /* AchievementModels.swift */,
				A52D40B4007DAC206C665780 /* FeedPost.swift */,
				F5ECCA62B019250D86558728 /* MonthlyChallengeModels.swift */,
				636F3999A2F250111C153818 /* MyCircleModels.swift */,
				15CF77117635F0D69B78BE8C /* StoryModels.swift */,
				4BCB298BFFBA6E51F67FEC05 /* UserProfile.swift */,
			);
			path = Models;
			sourceTree = "<group>";
		};
		9B3EF177DA798A630D0521B8 /* Theme */ = {
			isa = PBXGroup;
			children = (
				F5245FB76CF59A2ACFEF8ED9 /* GymCircleTheme.swift */,
			);
			path = Theme;
			sourceTree = "<group>";
		};
		A66E4EF33F6358D08C81BF52 /* Services */ = {
			isa = PBXGroup;
			children = (
				9DF4632A9A6FABB1EB319100 /* AchievementsService.swift */,
				E7456124A93C3498F4AA6BB2 /* AuthService.swift */,
				61EE6BFEDE8DA2508CA86199 /* ChallengesService.swift */,
				C240BBB660BE1713B04F28B2 /* GymCircleAPI.swift */,
				381506FB324FA418FAD1FEBF /* MyCircleService.swift */,
				633A3638BEC16BBA4085C06C /* SupabaseClientProvider.swift */,
			);
			path = Services;
			sourceTree = "<group>";
		};
		B8C54D361F2EEE37D37C2951 = {
			isa = PBXGroup;
			children = (
				87532101CD0BC195B0B2FED4 /* Sources */,
				2CE83B2EAC00497021A2C889 /* Products */,
			);
			sourceTree = "<group>";
		};
		C4C32D3277980F03714FEF64 /* App */ = {
			isa = PBXGroup;
			children = (
				96D3B83C89A2600A381D71E5 /* GymCircleAppModel.swift */,
				303BAED416877DD688F8FFDC /* GymCircleNativeRootView.swift */,
				7DEB41CAC0D16AE1FBF7E56F /* SessionStore.swift */,
			);
			path = App;
			sourceTree = "<group>";
		};
		E1E88EA1D5D305816E2F453E /* GymCircleNativeApp */ = {
			isa = PBXGroup;
			children = (
				0AD1AB193A5FDA3AB7B141AE /* GymCircleNativeApp.swift */,
			);
			path = GymCircleNativeApp;
			sourceTree = "<group>";
		};
		F5BBB65411F04B0C88429CA2 /* Config */ = {
			isa = PBXGroup;
			children = (
				D55AE3C88470738904E400FD /* AppConfiguration.swift */,
			);
			path = Config;
			sourceTree = "<group>";
		};
/* End PBXGroup section */

/* Begin PBXNativeTarget section */
		7F9EC759185D80D8151F1B38 /* GymCircleNative */ = {
			isa = PBXNativeTarget;
			buildConfigurationList = 2D627CB5E0A885F54354F9A7 /* Build configuration list for PBXNativeTarget "GymCircleNative" */;
			buildPhases = (
				8AA2E55A92092EB04D99848F /* Sources */,
				76E2CBC96EB1345850F8A6D4 /* Frameworks */,
			);
			buildRules = (
			);
			dependencies = (
			);
			name = GymCircleNative;
			packageProductDependencies = (
				3FDD0FCBF0D87E571FAB28F3 /* Supabase */,
			);
			productName = GymCircleNative;
			productReference = 03CDD21B0D4FDE6BBE28118E /* GymCircleNative.app */;
			productType = "com.apple.product-type.application";
		};
/* End PBXNativeTarget section */

/* Begin PBXProject section */
		A39CCC451727EF9BD1208FCD /* Project object */ = {
			isa = PBXProject;
			attributes = {
				BuildIndependentTargetsInParallel = YES;
				LastUpgradeCheck = 1430;
				TargetAttributes = {
					7F9EC759185D80D8151F1B38 = {
						ProvisioningStyle = Automatic;
					};
				};
			};
			buildConfigurationList = 555B04A18BD786416D3C676F /* Build configuration list for PBXProject "GymCircleNative" */;
			developmentRegion = en;
			hasScannedForEncodings = 0;
			knownRegions = (
				Base,
				en,
			);
			mainGroup = B8C54D361F2EEE37D37C2951;
			minimizedProjectReferenceProxies = 1;
			packageReferences = (
				EDFA8EB23A7413E50CC392B0 /* XCRemoteSwiftPackageReference "supabase-swift" */,
			);
			preferredProjectObjectVersion = 77;
			productRefGroup = 2CE83B2EAC00497021A2C889 /* Products */;
			projectDirPath = "";
			projectRoot = "";
			targets = (
				7F9EC759185D80D8151F1B38 /* GymCircleNative */,
			);
		};
/* End PBXProject section */

/* Begin PBXSourcesBuildPhase section */
		8AA2E55A92092EB04D99848F /* Sources */ = {
			isa = PBXSourcesBuildPhase;
			buildActionMask = 2147483647;
			files = (
				A64CCBB3086148E777260BA8 /* AchievementBuilder.swift in Sources */,
				CFF768DD8B8797B61BC57740 /* AchievementCelebrationView.swift in Sources */,
				5EEBF3147E247A6E731BA17D /* AchievementDetailView.swift in Sources */,
				71427FF59C8B4933ED803A26 /* AchievementModels.swift in Sources */,
				425F19777DF07AA72E43F4F2 /* AchievementsService.swift in Sources */,
				BF88657AA028074A62DCB027 /* AchievementsView.swift in Sources */,
				A0224FE2BC0713E9345EAD9E /* ActivityRingsView.swift in Sources */,
				49CF2F5BBC9A4BF7606C9F0B /* AppConfiguration.swift in Sources */,
				1EEF102EFB0EA7E7396B94BB /* AuthService.swift in Sources */,
				5D17C0ED8AB94ECA8C0D31EE /* BadgeIconNativeView.swift in Sources */,
				52AA646E4FB0BC506A4A61E0 /* BaseComponents.swift in Sources */,
				AE1B1B22F6780C00D764B281 /* ChallengesService.swift in Sources */,
				5BF6EE53CD40FF5743BBE711 /* FeedPost.swift in Sources */,
				CFD486D0F4178F5BD511D834 /* FeedView.swift in Sources */,
				33ABBA1FF742B75BDDEFEDBA /* GymCircleAPI.swift in Sources */,
				3FCE9C9BA90B675F9938CB7E /* GymCircleAppModel.swift in Sources */,
				9CA8C13BAC321E232D5BCD2E /* GymCircleNativeApp.swift in Sources */,
				CDE941BFB1F36FEB531A562B /* GymCircleNativeRootView.swift in Sources */,
				12816EF8CCF3450B4AD7E4E3 /* GymCircleTheme.swift in Sources */,
				7D520BADA3B077BFB0F7B45D /* LoginView.swift in Sources */,
				FB1C810F996E874492D37712 /* MainTabView.swift in Sources */,
				81E9DE2C223D9A8EC5FD77F7 /* MonthlyChallengeModels.swift in Sources */,
				9CABDB82A84408A020396A0C /* MyCircleComponents.swift in Sources */,
				DD8C439B12D3509DE2038783 /* MyCircleModels.swift in Sources */,
				4D8EDEF5E8C9A52F9BFB336C /* MyCircleService.swift in Sources */,
				775A8119334EC3B55DAAE141 /* MyCircleView.swift in Sources */,
				24F7215A55C676294FD8637E /* ProfileView.swift in Sources */,
				CBD1FA663BF54E491C32919B /* SessionStore.swift in Sources */,
				6E4E8259331D8C795CB94EEE /* StoriesViews.swift in Sources */,
				079A067B9F3C2CF0CE17B310 /* StoryModels.swift in Sources */,
				C2A796BB917C495444F60BAA /* SupabaseClientProvider.swift in Sources */,
				70EB9C329DE1DA414347C6A3 /* UserProfile.swift in Sources */,
			);
			runOnlyForDeploymentPostprocessing = 0;
		};
/* End PBXSourcesBuildPhase section */

/* Begin XCBuildConfiguration section */
		1A5FA1570BBA08452E2B6891 /* Debug */ = {
			isa = XCBuildConfiguration;
			buildSettings = {
				ALWAYS_SEARCH_USER_PATHS = NO;
				CLANG_ANALYZER_NONNULL = YES;
				CLANG_ANALYZER_NUMBER_OBJECT_CONVERSION = YES_AGGRESSIVE;
				CLANG_CXX_LANGUAGE_STANDARD = "gnu++14";
				CLANG_CXX_LIBRARY = "libc++";
				CLANG_ENABLE_MODULES = YES;
				CLANG_ENABLE_OBJC_ARC = YES;
				CLANG_ENABLE_OBJC_WEAK = YES;
				CLANG_WARN_BLOCK_CAPTURE_AUTORELEASING = YES;
				CLANG_WARN_BOOL_CONVERSION = YES;
				CLANG_WARN_COMMA = YES;
				CLANG_WARN_CONSTANT_CONVERSION = YES;
				CLANG_WARN_DEPRECATED_OBJC_IMPLEMENTATIONS = YES;
				CLANG_WARN_DIRECT_OBJC_ISA_USAGE = YES_ERROR;
				CLANG_WARN_DOCUMENTATION_COMMENTS = YES;
				CLANG_WARN_EMPTY_BODY = YES;
				CLANG_WARN_ENUM_CONVERSION = YES;
				CLANG_WARN_INFINITE_RECURSION = YES;
				CLANG_WARN_INT_CONVERSION = YES;
				CLANG_WARN_NON_LITERAL_NULL_CONVERSION = YES;
				CLANG_WARN_OBJC_IMPLICIT_RETAIN_SELF = YES;
				CLANG_WARN_OBJC_LITERAL_CONVERSION = YES;
				CLANG_WARN_OBJC_ROOT_CLASS = YES_ERROR;
				CLANG_WARN_QUOTED_INCLUDE_IN_FRAMEWORK_HEADER = YES;
				CLANG_WARN_RANGE_LOOP_ANALYSIS = YES;
				CLANG_WARN_STRICT_PROTOTYPES = YES;
				CLANG_WARN_SUSPICIOUS_MOVE = YES;
				CLANG_WARN_UNGUARDED_AVAILABILITY = YES_AGGRESSIVE;
				CLANG_WARN_UNREACHABLE_CODE = YES;
				CLANG_WARN__DUPLICATE_METHOD_MATCH = YES;
				COPY_PHASE_STRIP = NO;
				DEBUG_INFORMATION_FORMAT = dwarf;
				ENABLE_STRICT_OBJC_MSGSEND = YES;
				ENABLE_TESTABILITY = YES;
				GCC_C_LANGUAGE_STANDARD = gnu11;
				GCC_DYNAMIC_NO_PIC = NO;
				GCC_NO_COMMON_BLOCKS = YES;
				GCC_OPTIMIZATION_LEVEL = 0;
				GCC_PREPROCESSOR_DEFINITIONS = (
					"$(inherited)",
					"DEBUG=1",
				);
				GCC_WARN_64_TO_32_BIT_CONVERSION = YES;
				GCC_WARN_ABOUT_RETURN_TYPE = YES_ERROR;
				GCC_WARN_UNDECLARED_SELECTOR = YES;
				GCC_WARN_UNINITIALIZED_AUTOS = YES_AGGRESSIVE;
				GCC_WARN_UNUSED_FUNCTION = YES;
				GCC_WARN_UNUSED_VARIABLE = YES;
				IPHONEOS_DEPLOYMENT_TARGET = 16.0;
				MTL_ENABLE_DEBUG_INFO = INCLUDE_SOURCE;
				MTL_FAST_MATH = YES;
				ONLY_ACTIVE_ARCH = YES;
				PRODUCT_NAME = "$(TARGET_NAME)";
				SDKROOT = iphoneos;
				SWIFT_ACTIVE_COMPILATION_CONDITIONS = DEBUG;
				SWIFT_OPTIMIZATION_LEVEL = "-Onone";
				SWIFT_VERSION = 5.0;
			};
			name = Debug;
		};
		6399E28BDF2C7743C0AB9EE9 /* Debug */ = {
			isa = XCBuildConfiguration;
			buildSettings = {
				ASSETCATALOG_COMPILER_APPICON_NAME = AppIcon;
				ASSETCATALOG_COMPILER_GENERATE_SWIFT_ASSET_SYMBOL_EXTENSIONS = NO;
				CODE_SIGNING_ALLOWED = NO;
				CODE_SIGN_IDENTITY = "iPhone Developer";
				CODE_SIGN_STYLE = Automatic;
				CURRENT_PROJECT_VERSION = 1;
				INFOPLIST_FILE = Support/Info.plist;
				IPHONEOS_DEPLOYMENT_TARGET = 16.0;
				LD_RUNPATH_SEARCH_PATHS = (
					"$(inherited)",
					"@executable_path/Frameworks",
				);
				MARKETING_VERSION = 1.1;
				PRODUCT_BUNDLE_IDENTIFIER = com.gymcircle.native.dev;
				PRODUCT_NAME = GymCircleNative;
				SDKROOT = iphoneos;
				SWIFT_VERSION = 5.9;
				TARGETED_DEVICE_FAMILY = 1;
			};
			name = Debug;
		};
		929931F5A3F9CA2108841F42 /* Release */ = {
			isa = XCBuildConfiguration;
			buildSettings = {
				ASSETCATALOG_COMPILER_APPICON_NAME = AppIcon;
				ASSETCATALOG_COMPILER_GENERATE_SWIFT_ASSET_SYMBOL_EXTENSIONS = NO;
				CODE_SIGNING_ALLOWED = NO;
				CODE_SIGN_IDENTITY = "iPhone Developer";
				CODE_SIGN_STYLE = Automatic;
				CURRENT_PROJECT_VERSION = 1;
				INFOPLIST_FILE = Support/Info.plist;
				IPHONEOS_DEPLOYMENT_TARGET = 16.0;
				LD_RUNPATH_SEARCH_PATHS = (
					"$(inherited)",
					"@executable_path/Frameworks",
				);
				MARKETING_VERSION = 1.1;
				PRODUCT_BUNDLE_IDENTIFIER = com.gymcircle.native.dev;
				PRODUCT_NAME = GymCircleNative;
				SDKROOT = iphoneos;
				SWIFT_VERSION = 5.9;
				TARGETED_DEVICE_FAMILY = 1;
			};
			name = Release;
		};
		B42287F7F1D00FAD26CD7F1E /* Release */ = {
			isa = XCBuildConfiguration;
			buildSettings = {
				ALWAYS_SEARCH_USER_PATHS = NO;
				CLANG_ANALYZER_NONNULL = YES;
				CLANG_ANALYZER_NUMBER_OBJECT_CONVERSION = YES_AGGRESSIVE;
				CLANG_CXX_LANGUAGE_STANDARD = "gnu++14";
				CLANG_CXX_LIBRARY = "libc++";
				CLANG_ENABLE_MODULES = YES;
				CLANG_ENABLE_OBJC_ARC = YES;
				CLANG_ENABLE_OBJC_WEAK = YES;
				CLANG_WARN_BLOCK_CAPTURE_AUTORELEASING = YES;
				CLANG_WARN_BOOL_CONVERSION = YES;
				CLANG_WARN_COMMA = YES;
				CLANG_WARN_CONSTANT_CONVERSION = YES;
				CLANG_WARN_DEPRECATED_OBJC_IMPLEMENTATIONS = YES;
				CLANG_WARN_DIRECT_OBJC_ISA_USAGE = YES_ERROR;
				CLANG_WARN_DOCUMENTATION_COMMENTS = YES;
				CLANG_WARN_EMPTY_BODY = YES;
				CLANG_WARN_ENUM_CONVERSION = YES;
				CLANG_WARN_INFINITE_RECURSION = YES;
				CLANG_WARN_INT_CONVERSION = YES;
				CLANG_WARN_NON_LITERAL_NULL_CONVERSION = YES;
				CLANG_WARN_OBJC_IMPLICIT_RETAIN_SELF = YES;
				CLANG_WARN_OBJC_LITERAL_CONVERSION = YES;
				CLANG_WARN_OBJC_ROOT_CLASS = YES_ERROR;
				CLANG_WARN_QUOTED_INCLUDE_IN_FRAMEWORK_HEADER = YES;
				CLANG_WARN_RANGE_LOOP_ANALYSIS = YES;
				CLANG_WARN_STRICT_PROTOTYPES = YES;
				CLANG_WARN_SUSPICIOUS_MOVE = YES;
				CLANG_WARN_UNGUARDED_AVAILABILITY = YES_AGGRESSIVE;
				CLANG_WARN_UNREACHABLE_CODE = YES;
				CLANG_WARN__DUPLICATE_METHOD_MATCH = YES;
				COPY_PHASE_STRIP = NO;
				DEBUG_INFORMATION_FORMAT = "dwarf-with-dsym";
				ENABLE_NS_ASSERTIONS = NO;
				ENABLE_STRICT_OBJC_MSGSEND = YES;
				GCC_C_LANGUAGE_STANDARD = gnu11;
				GCC_NO_COMMON_BLOCKS = YES;
				GCC_WARN_64_TO_32_BIT_CONVERSION = YES;
				GCC_WARN_ABOUT_RETURN_TYPE = YES_ERROR;
				GCC_WARN_UNDECLARED_SELECTOR = YES;
				GCC_WARN_UNINITIALIZED_AUTOS = YES_AGGRESSIVE;
				GCC_WARN_UNUSED_FUNCTION = YES;
				GCC_WARN_UNUSED_VARIABLE = YES;
				IPHONEOS_DEPLOYMENT_TARGET = 16.0;
				MTL_ENABLE_DEBUG_INFO = NO;
				MTL_FAST_MATH = YES;
				PRODUCT_NAME = "$(TARGET_NAME)";
				SDKROOT = iphoneos;
				SWIFT_COMPILATION_MODE = wholemodule;
				SWIFT_OPTIMIZATION_LEVEL = "-O";
				SWIFT_VERSION = 5.0;
			};
			name = Release;
		};
/* End XCBuildConfiguration section */

/* Begin XCConfigurationList section */
		2D627CB5E0A885F54354F9A7 /* Build configuration list for PBXNativeTarget "GymCircleNative" */ = {
			isa = XCConfigurationList;
			buildConfigurations = (
				6399E28BDF2C7743C0AB9EE9 /* Debug */,
				929931F5A3F9CA2108841F42 /* Release */,
			);
			defaultConfigurationIsVisible = 0;
			defaultConfigurationName = Debug;
		};
		555B04A18BD786416D3C676F /* Build configuration list for PBXProject "GymCircleNative" */ = {
			isa = XCConfigurationList;
			buildConfigurations = (
				1A5FA1570BBA08452E2B6891 /* Debug */,
				B42287F7F1D00FAD26CD7F1E /* Release */,
			);
			defaultConfigurationIsVisible = 0;
			defaultConfigurationName = Debug;
		};
/* End XCConfigurationList section */

/* Begin XCRemoteSwiftPackageReference section */
		EDFA8EB23A7413E50CC392B0 /* XCRemoteSwiftPackageReference "supabase-swift" */ = {
			isa = XCRemoteSwiftPackageReference;
			repositoryURL = "https://github.com/supabase/supabase-swift.git";
			requirement = {
				kind = upToNextMajorVersion;
				minimumVersion = 2.0.0;
			};
		};
/* End XCRemoteSwiftPackageReference section */

/* Begin XCSwiftPackageProductDependency section */
		3FDD0FCBF0D87E571FAB28F3 /* Supabase */ = {
			isa = XCSwiftPackageProductDependency;
			package = EDFA8EB23A7413E50CC392B0 /* XCRemoteSwiftPackageReference "supabase-swift" */;
			productName = Supabase;
		};
/* End XCSwiftPackageProductDependency section */
	};
	rootObject = A39CCC451727EF9BD1208FCD /* Project object */;
}
